
Microsoft Visual Studio Solution File, Format Version 12.00
# Visual Studio Version 17
VisualStudioVersion = 17.11.35303.130
MinimumVisualStudioVersion = 10.0.40219.1
Project("{9A19103F-16F7-4668-BE54-9A1E7A4F7556}") = "ConsoleBookingApp", "ConsoleBookingApp\ConsoleBookingApp.csproj", "{32692012-BA1C-46F3-8DB2-19CB927AF9B2}"
EndProject
Project("{2150E333-8FDC-42A3-9474-1A3956D46DE8}") = "Solution Items", "Solution Items", "{2573608C-770C-4DEF-B807-F09840F535E2}"
	ProjectSection(SolutionItems) = preProject
		README.md = README.md
	EndProjectSection
EndProject
Project("{9A19103F-16F7-4668-BE54-9A1E7A4F7556}") = "BookingApp", "BookingApp\BookingApp.csproj", "{4390271A-8BC3-4229-891B-6335DC17AE2A}"
EndProject
Project("{9A19103F-16F7-4668-BE54-9A1E7A4F7556}") = "BookingData", "BookingData\BookingData.csproj", "{8A33F5BD-D628-48BB-8721-D255711847C0}"
EndProject
Project("{9A19103F-16F7-4668-BE54-9A1E7A4F7556}") = "BookingUtils", "BookingUtils\BookingUtils.csproj", "{37047D80-56E7-4A95-876C-1B9DC53DA6F4}"
EndProject
Project("{9A19103F-16F7-4668-BE54-9A1E7A4F7556}") = "BookingAppTest", "BookingAppTest\BookingAppTest.csproj", "{B255AC9A-C613-4B69-9FCE-F1EBA1608280}"
	ProjectSection(ProjectDependencies) = postProject
		{801B521A-3AB2-402F-A381-F3C8DC6B4C82} = {801B521A-3AB2-402F-A381-F3C8DC6B4C82}
	EndProjectSection
EndProject
Project("{9A19103F-16F7-4668-BE54-9A1E7A4F7556}") = "UserInterfaceTest", "UserInterfaceTest\UserInterfaceTest.csproj", "{64EADEFC-6B09-4550-91D4-3F720D0D166D}"
	ProjectSection(ProjectDependencies) = postProject
		{801B521A-3AB2-402F-A381-F3C8DC6B4C82} = {801B521A-3AB2-402F-A381-F3C8DC6B4C82}
	EndProjectSection
EndProject
Project("{9A19103F-16F7-4668-BE54-9A1E7A4F7556}") = "ConsoleBookingAppTest", "ConsoleBookingAppTest\ConsoleBookingAppTest.csproj", "{154CDE36-F745-4A0F-A96B-D51F7BFFE268}"
	ProjectSection(ProjectDependencies) = postProject
		{801B521A-3AB2-402F-A381-F3C8DC6B4C82} = {801B521A-3AB2-402F-A381-F3C8DC6B4C82}
	EndProjectSection
EndProject
Project("{2150E333-8FDC-42A3-9474-1A3956D46DE8}") = "Test", "Test", "{097F3CE7-2785-45E8-8284-931C8F81CD0A}"
EndProject
Project("{FAE04EC0-301F-11D3-BF4B-00C04F79EFBC}") = "QuickConsole", "QuickConsole\QuickConsole.csproj", "{801B521A-3AB2-402F-A381-F3C8DC6B4C82}"
EndProject
Global
	GlobalSection(SolutionConfigurationPlatforms) = preSolution
		Debug|Any CPU = Debug|Any CPU
		Release|Any CPU = Release|Any CPU
	EndGlobalSection
	GlobalSection(ProjectConfigurationPlatforms) = postSolution
		{32692012-BA1C-46F3-8DB2-19CB927AF9B2}.Debug|Any CPU.ActiveCfg = Debug|Any CPU
		{32692012-BA1C-46F3-8DB2-19CB927AF9B2}.Debug|Any CPU.Build.0 = Debug|Any CPU
		{32692012-BA1C-46F3-8DB2-19CB927AF9B2}.Release|Any CPU.ActiveCfg = Release|Any CPU
		{32692012-BA1C-46F3-8DB2-19CB927AF9B2}.Release|Any CPU.Build.0 = Release|Any CPU
		{4390271A-8BC3-4229-891B-6335DC17AE2A}.Debug|Any CPU.ActiveCfg = Debug|Any CPU
		{4390271A-8BC3-4229-891B-6335DC17AE2A}.Debug|Any CPU.Build.0 = Debug|Any CPU
		{4390271A-8BC3-4229-891B-6335DC17AE2A}.Release|Any CPU.ActiveCfg = Release|Any CPU
		{4390271A-8BC3-4229-891B-6335DC17AE2A}.Release|Any CPU.Build.0 = Release|Any CPU
		{8A33F5BD-D628-48BB-8721-D255711847C0}.Debug|Any CPU.ActiveCfg = Debug|Any CPU
		{8A33F5BD-D628-48BB-8721-D255711847C0}.Debug|Any CPU.Build.0 = Debug|Any CPU
		{8A33F5BD-D628-48BB-8721-D255711847C0}.Release|Any CPU.ActiveCfg = Release|Any CPU
		{8A33F5BD-D628-48BB-8721-D255711847C0}.Release|Any CPU.Build.0 = Release|Any CPU
		{37047D80-56E7-4A95-876C-1B9DC53DA6F4}.Debug|Any CPU.ActiveCfg = Debug|Any CPU
		{37047D80-56E7-4A95-876C-1B9DC53DA6F4}.Debug|Any CPU.Build.0 = Debug|Any CPU
		{37047D80-56E7-4A95-876C-1B9DC53DA6F4}.Release|Any CPU.ActiveCfg = Release|Any CPU
		{37047D80-56E7-4A95-876C-1B9DC53DA6F4}.Release|Any CPU.Build.0 = Release|Any CPU
		{B255AC9A-C613-4B69-9FCE-F1EBA1608280}.Debug|Any CPU.ActiveCfg = Debug|Any CPU
		{B255AC9A-C613-4B69-9FCE-F1EBA1608280}.Debug|Any CPU.Build.0 = Debug|Any CPU
		{B255AC9A-C613-4B69-9FCE-F1EBA1608280}.Release|Any CPU.ActiveCfg = Release|Any CPU
		{B255AC9A-C613-4B69-9FCE-F1EBA1608280}.Release|Any CPU.Build.0 = Release|Any CPU
		{64EADEFC-6B09-4550-91D4-3F720D0D166D}.Debug|Any CPU.ActiveCfg = Debug|Any CPU
		{64EADEFC-6B09-4550-91D4-3F720D0D166D}.Debug|Any CPU.Build.0 = Debug|Any CPU
		{64EADEFC-6B09-4550-91D4-3F720D0D166D}.Release|Any CPU.ActiveCfg = Release|Any CPU
		{64EADEFC-6B09-4550-91D4-3F720D0D166D}.Release|Any CPU.Build.0 = Release|Any CPU
		{154CDE36-F745-4A0F-A96B-D51F7BFFE268}.Debug|Any CPU.ActiveCfg = Debug|Any CPU
		{154CDE36-F745-4A0F-A96B-D51F7BFFE268}.Debug|Any CPU.Build.0 = Debug|Any CPU
		{154CDE36-F745-4A0F-A96B-D51F7BFFE268}.Release|Any CPU.ActiveCfg = Release|Any CPU
		{154CDE36-F745-4A0F-A96B-D51F7BFFE268}.Release|Any CPU.Build.0 = Release|Any CPU
		{801B521A-3AB2-402F-A381-F3C8DC6B4C82}.Debug|Any CPU.ActiveCfg = Debug|Any CPU
		{801B521A-3AB2-402F-A381-F3C8DC6B4C82}.Debug|Any CPU.Build.0 = Debug|Any CPU
		{801B521A-3AB2-402F-A381-F3C8DC6B4C82}.Release|Any CPU.ActiveCfg = Release|Any CPU
		{801B521A-3AB2-402F-A381-F3C8DC6B4C82}.Release|Any CPU.Build.0 = Release|Any CPU
	EndGlobalSection
	GlobalSection(SolutionProperties) = preSolution
		HideSolutionNode = FALSE
	EndGlobalSection
	GlobalSection(NestedProjects) = preSolution
		{B255AC9A-C613-4B69-9FCE-F1EBA1608280} = {097F3CE7-2785-45E8-8284-931C8F81CD0A}
		{64EADEFC-6B09-4550-91D4-3F720D0D166D} = {097F3CE7-2785-45E8-8284-931C8F81CD0A}
		{154CDE36-F745-4A0F-A96B-D51F7BFFE268} = {097F3CE7-2785-45E8-8284-931C8F81CD0A}
	EndGlobalSection
	GlobalSection(ExtensibilityGlobals) = postSolution
		SolutionGuid = {A3524F82-C41E-4459-B358-73DB707CC913}
	EndGlobalSection
EndGlobal
